
Microsoft Visual Studio Solution File, Format Version 12.00
# Visual Studio Version 17
VisualStudioVersion = 17.4.33205.214
MinimumVisualStudioVersion = 10.0.40219.1
Project("{9A19103F-16F7-4668-BE54-9A1E7A4F7556}") = "Day01", "Day01\Day01.csproj", "{89713759-EB6C-4EBF-B79B-58CA30EDDA9C}"
EndProject
Project("{9A19103F-16F7-4668-BE54-9A1E7A4F7556}") = "Day02", "Day02\Day02.csproj", "{956FA7C3-40B3-4989-AD1E-84D1EA378BC6}"
EndProject
Project("{9A19103F-16F7-4668-BE54-9A1E7A4F7556}") = "AoCUtils", "AoCUtils\AoCUtils.csproj", "{9C4C5DF6-B903-4B0E-92E8-80728AB36702}"
EndProject
Project("{9A19103F-16F7-4668-BE54-9A1E7A4F7556}") = "Day03", "Day03\Day03.csproj", "{F5B8652D-CD64-4F6D-960A-5BBDBC5980FF}"
EndProject
Project("{9A19103F-16F7-4668-BE54-9A1E7A4F7556}") = "Day04", "Day04\Day04.csproj", "{94DA2029-D5E9-487E-B816-8AA304EDD5D0}"
EndProject
Project("{9A19103F-16F7-4668-BE54-9A1E7A4F7556}") = "Day05", "Day05\Day05.csproj", "{ADB37A0D-3DD0-4F14-A266-9A8DF02A7845}"
EndProject
Project("{9A19103F-16F7-4668-BE54-9A1E7A4F7556}") = "Day06", "Day06\Day06.csproj", "{64E9EDF7-3F5A-4035-943F-B2CFBA31A5FA}"
EndProject
Project("{9A19103F-16F7-4668-BE54-9A1E7A4F7556}") = "Day07", "Day07\Day07.csproj", "{8CF0E9C2-72CE-4947-98A1-E57424FECD7B}"
EndProject
Project("{9A19103F-16F7-4668-BE54-9A1E7A4F7556}") = "Day08", "Day08\Day08.csproj", "{C674664F-8A9B-4F0C-BF96-D720B0460537}"
EndProject
Project("{9A19103F-16F7-4668-BE54-9A1E7A4F7556}") = "Day09", "Day09\Day09.csproj", "{2D28F74E-7033-4824-AF5A-48EDA90B787E}"
EndProject
Project("{9A19103F-16F7-4668-BE54-9A1E7A4F7556}") = "Day10", "Day10\Day10.csproj", "{C39D3E10-BC92-4416-A21B-47C866EF1A82}"
EndProject
Project("{9A19103F-16F7-4668-BE54-9A1E7A4F7556}") = "Day11", "Day11\Day11.csproj", "{2C7B5326-3FC6-4BDA-9D3B-A263A69B72BE}"
EndProject
Project("{9A19103F-16F7-4668-BE54-9A1E7A4F7556}") = "Day12", "Day12\Day12.csproj", "{43D6B642-8E34-4290-9A89-4B9C5C4CFF7B}"
EndProject
Project("{9A19103F-16F7-4668-BE54-9A1E7A4F7556}") = "Day13", "Day13\Day13.csproj", "{1F9DB412-E579-443E-AC81-F07CD9B89020}"
EndProject
Project("{9A19103F-16F7-4668-BE54-9A1E7A4F7556}") = "Day14", "Day14\Day14.csproj", "{140A3CDD-C3B8-4B6C-9471-A2F3417ADC1C}"
EndProject
Project("{9A19103F-16F7-4668-BE54-9A1E7A4F7556}") = "Day15", "Day15\Day15.csproj", "{A79A991F-7FF0-4BDB-9065-B14FD4696385}"
EndProject
Project("{9A19103F-16F7-4668-BE54-9A1E7A4F7556}") = "Day16", "Day16\Day16.csproj", "{5C435596-3153-4FDB-AD42-5EC29EABE50B}"
EndProject
Project("{9A19103F-16F7-4668-BE54-9A1E7A4F7556}") = "Day17", "Day17\Day17.csproj", "{AF52EF83-37DE-4713-AB45-18390E6B695A}"
EndProject
Project("{9A19103F-16F7-4668-BE54-9A1E7A4F7556}") = "Day18", "Day18\Day18.csproj", "{1A6D9CFF-B2B1-4A37-BCF6-416A0600BC72}"
EndProject
Project("{9A19103F-16F7-4668-BE54-9A1E7A4F7556}") = "Day19", "Day19\Day19.csproj", "{EB635EB2-1380-49AF-A494-D8DC3587617F}"
EndProject
Project("{9A19103F-16F7-4668-BE54-9A1E7A4F7556}") = "Day20", "Day20\Day20.csproj", "{9CC84E67-F1F7-4C21-90EC-FA0BFE261CD8}"
EndProject
Project("{9A19103F-16F7-4668-BE54-9A1E7A4F7556}") = "Day21", "Day21\Day21.csproj", "{9050C6F2-5679-4C5D-9BBC-8AE72AB20477}"
EndProject
Project("{FAE04EC0-301F-11D3-BF4B-00C04F79EFBC}") = "Day22", "Day22\Day22.csproj", "{115EBBB5-6C04-4A4F-8F2A-05C818709605}"
EndProject
Global
	GlobalSection(SolutionConfigurationPlatforms) = preSolution
		Debug|Any CPU = Debug|Any CPU
		Release|Any CPU = Release|Any CPU
	EndGlobalSection
	GlobalSection(ProjectConfigurationPlatforms) = postSolution
		{89713759-EB6C-4EBF-B79B-58CA30EDDA9C}.Debug|Any CPU.ActiveCfg = Debug|Any CPU
		{89713759-EB6C-4EBF-B79B-58CA30EDDA9C}.Debug|Any CPU.Build.0 = Debug|Any CPU
		{89713759-EB6C-4EBF-B79B-58CA30EDDA9C}.Release|Any CPU.ActiveCfg = Release|Any CPU
		{89713759-EB6C-4EBF-B79B-58CA30EDDA9C}.Release|Any CPU.Build.0 = Release|Any CPU
		{956FA7C3-40B3-4989-AD1E-84D1EA378BC6}.Debug|Any CPU.ActiveCfg = Debug|Any CPU
		{956FA7C3-40B3-4989-AD1E-84D1EA378BC6}.Debug|Any CPU.Build.0 = Debug|Any CPU
		{956FA7C3-40B3-4989-AD1E-84D1EA378BC6}.Release|Any CPU.ActiveCfg = Release|Any CPU
		{956FA7C3-40B3-4989-AD1E-84D1EA378BC6}.Release|Any CPU.Build.0 = Release|Any CPU
		{9C4C5DF6-B903-4B0E-92E8-80728AB36702}.Debug|Any CPU.ActiveCfg = Debug|Any CPU
		{9C4C5DF6-B903-4B0E-92E8-80728AB36702}.Debug|Any CPU.Build.0 = Debug|Any CPU
		{9C4C5DF6-B903-4B0E-92E8-80728AB36702}.Release|Any CPU.ActiveCfg = Release|Any CPU
		{9C4C5DF6-B903-4B0E-92E8-80728AB36702}.Release|Any CPU.Build.0 = Release|Any CPU
		{F5B8652D-CD64-4F6D-960A-5BBDBC5980FF}.Debug|Any CPU.ActiveCfg = Debug|Any CPU
		{F5B8652D-CD64-4F6D-960A-5BBDBC5980FF}.Debug|Any CPU.Build.0 = Debug|Any CPU
		{F5B8652D-CD64-4F6D-960A-5BBDBC5980FF}.Release|Any CPU.ActiveCfg = Release|Any CPU
		{F5B8652D-CD64-4F6D-960A-5BBDBC5980FF}.Release|Any CPU.Build.0 = Release|Any CPU
		{94DA2029-D5E9-487E-B816-8AA304EDD5D0}.Debug|Any CPU.ActiveCfg = Debug|Any CPU
		{94DA2029-D5E9-487E-B816-8AA304EDD5D0}.Debug|Any CPU.Build.0 = Debug|Any CPU
		{94DA2029-D5E9-487E-B816-8AA304EDD5D0}.Release|Any CPU.ActiveCfg = Release|Any CPU
		{94DA2029-D5E9-487E-B816-8AA304EDD5D0}.Release|Any CPU.Build.0 = Release|Any CPU
		{ADB37A0D-3DD0-4F14-A266-9A8DF02A7845}.Debug|Any CPU.ActiveCfg = Debug|Any CPU
		{ADB37A0D-3DD0-4F14-A266-9A8DF02A7845}.Debug|Any CPU.Build.0 = Debug|Any CPU
		{ADB37A0D-3DD0-4F14-A266-9A8DF02A7845}.Release|Any CPU.ActiveCfg = Release|Any CPU
		{ADB37A0D-3DD0-4F14-A266-9A8DF02A7845}.Release|Any CPU.Build.0 = Release|Any CPU
		{64E9EDF7-3F5A-4035-943F-B2CFBA31A5FA}.Debug|Any CPU.ActiveCfg = Debug|Any CPU
		{64E9EDF7-3F5A-4035-943F-B2CFBA31A5FA}.Debug|Any CPU.Build.0 = Debug|Any CPU
		{64E9EDF7-3F5A-4035-943F-B2CFBA31A5FA}.Release|Any CPU.ActiveCfg = Release|Any CPU
		{64E9EDF7-3F5A-4035-943F-B2CFBA31A5FA}.Release|Any CPU.Build.0 = Release|Any CPU
		{8CF0E9C2-72CE-4947-98A1-E57424FECD7B}.Debug|Any CPU.ActiveCfg = Debug|Any CPU
		{8CF0E9C2-72CE-4947-98A1-E57424FECD7B}.Debug|Any CPU.Build.0 = Debug|Any CPU
		{8CF0E9C2-72CE-4947-98A1-E57424FECD7B}.Release|Any CPU.ActiveCfg = Release|Any CPU
		{8CF0E9C2-72CE-4947-98A1-E57424FECD7B}.Release|Any CPU.Build.0 = Release|Any CPU
		{C674664F-8A9B-4F0C-BF96-D720B0460537}.Debug|Any CPU.ActiveCfg = Debug|Any CPU
		{C674664F-8A9B-4F0C-BF96-D720B0460537}.Debug|Any CPU.Build.0 = Debug|Any CPU
		{C674664F-8A9B-4F0C-BF96-D720B0460537}.Release|Any CPU.ActiveCfg = Release|Any CPU
		{C674664F-8A9B-4F0C-BF96-D720B0460537}.Release|Any CPU.Build.0 = Release|Any CPU
		{2D28F74E-7033-4824-AF5A-48EDA90B787E}.Debug|Any CPU.ActiveCfg = Debug|Any CPU
		{2D28F74E-7033-4824-AF5A-48EDA90B787E}.Debug|Any CPU.Build.0 = Debug|Any CPU
		{2D28F74E-7033-4824-AF5A-48EDA90B787E}.Release|Any CPU.ActiveCfg = Release|Any CPU
		{2D28F74E-7033-4824-AF5A-48EDA90B787E}.Release|Any CPU.Build.0 = Release|Any CPU
		{C39D3E10-BC92-4416-A21B-47C866EF1A82}.Debug|Any CPU.ActiveCfg = Debug|Any CPU
		{C39D3E10-BC92-4416-A21B-47C866EF1A82}.Debug|Any CPU.Build.0 = Debug|Any CPU
		{C39D3E10-BC92-4416-A21B-47C866EF1A82}.Release|Any CPU.ActiveCfg = Release|Any CPU
		{C39D3E10-BC92-4416-A21B-47C866EF1A82}.Release|Any CPU.Build.0 = Release|Any CPU
		{2C7B5326-3FC6-4BDA-9D3B-A263A69B72BE}.Debug|Any CPU.ActiveCfg = Debug|Any CPU
		{2C7B5326-3FC6-4BDA-9D3B-A263A69B72BE}.Debug|Any CPU.Build.0 = Debug|Any CPU
		{2C7B5326-3FC6-4BDA-9D3B-A263A69B72BE}.Release|Any CPU.ActiveCfg = Release|Any CPU
		{2C7B5326-3FC6-4BDA-9D3B-A263A69B72BE}.Release|Any CPU.Build.0 = Release|Any CPU
		{43D6B642-8E34-4290-9A89-4B9C5C4CFF7B}.Debug|Any CPU.ActiveCfg = Debug|Any CPU
		{43D6B642-8E34-4290-9A89-4B9C5C4CFF7B}.Debug|Any CPU.Build.0 = Debug|Any CPU
		{43D6B642-8E34-4290-9A89-4B9C5C4CFF7B}.Release|Any CPU.ActiveCfg = Release|Any CPU
		{43D6B642-8E34-4290-9A89-4B9C5C4CFF7B}.Release|Any CPU.Build.0 = Release|Any CPU
		{1F9DB412-E579-443E-AC81-F07CD9B89020}.Debug|Any CPU.ActiveCfg = Debug|Any CPU
		{1F9DB412-E579-443E-AC81-F07CD9B89020}.Debug|Any CPU.Build.0 = Debug|Any CPU
		{1F9DB412-E579-443E-AC81-F07CD9B89020}.Release|Any CPU.ActiveCfg = Release|Any CPU
		{1F9DB412-E579-443E-AC81-F07CD9B89020}.Release|Any CPU.Build.0 = Release|Any CPU
		{140A3CDD-C3B8-4B6C-9471-A2F3417ADC1C}.Debug|Any CPU.ActiveCfg = Debug|Any CPU
		{140A3CDD-C3B8-4B6C-9471-A2F3417ADC1C}.Debug|Any CPU.Build.0 = Debug|Any CPU
		{140A3CDD-C3B8-4B6C-9471-A2F3417ADC1C}.Release|Any CPU.ActiveCfg = Release|Any CPU
		{140A3CDD-C3B8-4B6C-9471-A2F3417ADC1C}.Release|Any CPU.Build.0 = Release|Any CPU
		{A79A991F-7FF0-4BDB-9065-B14FD4696385}.Debug|Any CPU.ActiveCfg = Debug|Any CPU
		{A79A991F-7FF0-4BDB-9065-B14FD4696385}.Debug|Any CPU.Build.0 = Debug|Any CPU
		{A79A991F-7FF0-4BDB-9065-B14FD4696385}.Release|Any CPU.ActiveCfg = Release|Any CPU
		{A79A991F-7FF0-4BDB-9065-B14FD4696385}.Release|Any CPU.Build.0 = Release|Any CPU
		{5C435596-3153-4FDB-AD42-5EC29EABE50B}.Debug|Any CPU.ActiveCfg = Debug|Any CPU
		{5C435596-3153-4FDB-AD42-5EC29EABE50B}.Debug|Any CPU.Build.0 = Debug|Any CPU
		{5C435596-3153-4FDB-AD42-5EC29EABE50B}.Release|Any CPU.ActiveCfg = Release|Any CPU
		{5C435596-3153-4FDB-AD42-5EC29EABE50B}.Release|Any CPU.Build.0 = Release|Any CPU
		{AF52EF83-37DE-4713-AB45-18390E6B695A}.Debug|Any CPU.ActiveCfg = Debug|Any CPU
		{AF52EF83-37DE-4713-AB45-18390E6B695A}.Debug|Any CPU.Build.0 = Debug|Any CPU
		{AF52EF83-37DE-4713-AB45-18390E6B695A}.Release|Any CPU.ActiveCfg = Release|Any CPU
		{AF52EF83-37DE-4713-AB45-18390E6B695A}.Release|Any CPU.Build.0 = Release|Any CPU
		{1A6D9CFF-B2B1-4A37-BCF6-416A0600BC72}.Debug|Any CPU.ActiveCfg = Debug|Any CPU
		{1A6D9CFF-B2B1-4A37-BCF6-416A0600BC72}.Debug|Any CPU.Build.0 = Debug|Any CPU
		{1A6D9CFF-B2B1-4A37-BCF6-416A0600BC72}.Release|Any CPU.ActiveCfg = Release|Any CPU
		{1A6D9CFF-B2B1-4A37-BCF6-416A0600BC72}.Release|Any CPU.Build.0 = Release|Any CPU
		{EB635EB2-1380-49AF-A494-D8DC3587617F}.Debug|Any CPU.ActiveCfg = Debug|Any CPU
		{EB635EB2-1380-49AF-A494-D8DC3587617F}.Debug|Any CPU.Build.0 = Debug|Any CPU
		{EB635EB2-1380-49AF-A494-D8DC3587617F}.Release|Any CPU.ActiveCfg = Release|Any CPU
		{EB635EB2-1380-49AF-A494-D8DC3587617F}.Release|Any CPU.Build.0 = Release|Any CPU
		{9CC84E67-F1F7-4C21-90EC-FA0BFE261CD8}.Debug|Any CPU.ActiveCfg = Debug|Any CPU
		{9CC84E67-F1F7-4C21-90EC-FA0BFE261CD8}.Debug|Any CPU.Build.0 = Debug|Any CPU
		{9CC84E67-F1F7-4C21-90EC-FA0BFE261CD8}.Release|Any CPU.ActiveCfg = Release|Any CPU
		{9CC84E67-F1F7-4C21-90EC-FA0BFE261CD8}.Release|Any CPU.Build.0 = Release|Any CPU
		{9050C6F2-5679-4C5D-9BBC-8AE72AB20477}.Debug|Any CPU.ActiveCfg = Debug|Any CPU
		{9050C6F2-5679-4C5D-9BBC-8AE72AB20477}.Debug|Any CPU.Build.0 = Debug|Any CPU
		{9050C6F2-5679-4C5D-9BBC-8AE72AB20477}.Release|Any CPU.ActiveCfg = Release|Any CPU
		{9050C6F2-5679-4C5D-9BBC-8AE72AB20477}.Release|Any CPU.Build.0 = Release|Any CPU
		{115EBBB5-6C04-4A4F-8F2A-05C818709605}.Debug|Any CPU.ActiveCfg = Debug|Any CPU
		{115EBBB5-6C04-4A4F-8F2A-05C818709605}.Debug|Any CPU.Build.0 = Debug|Any CPU
		{115EBBB5-6C04-4A4F-8F2A-05C818709605}.Release|Any CPU.ActiveCfg = Release|Any CPU
		{115EBBB5-6C04-4A4F-8F2A-05C818709605}.Release|Any CPU.Build.0 = Release|Any CPU
	EndGlobalSection
	GlobalSection(SolutionProperties) = preSolution
		HideSolutionNode = FALSE
	EndGlobalSection
	GlobalSection(ExtensibilityGlobals) = postSolution
		SolutionGuid = {5092AD09-15CE-4872-956D-0FE4FF777841}
	EndGlobalSection
EndGlobal
