
Microsoft Visual Studio Solution File, Format Version 12.00
# Visual Studio Version 17
VisualStudioVersion = 17.4.33205.214
MinimumVisualStudioVersion = 10.0.40219.1
Project("{9A19103F-16F7-4668-BE54-9A1E7A4F7556}") = "Day01", "Day01\Day01.csproj", "{89713759-EB6C-4EBF-B79B-58CA30EDDA9C}"
EndProject
Project("{9A19103F-16F7-4668-BE54-9A1E7A4F7556}") = "Day02", "Day02\Day02.csproj", "{956FA7C3-40B3-4989-AD1E-84D1EA378BC6}"
EndProject
Project("{9A19103F-16F7-4668-BE54-9A1E7A4F7556}") = "AoCUtils", "AoCUtils\AoCUtils.csproj", "{9C4C5DF6-B903-4B0E-92E8-80728AB36702}"
EndProject
Project("{9A19103F-16F7-4668-BE54-9A1E7A4F7556}") = "Day03", "Day03\Day03.csproj", "{F5B8652D-CD64-4F6D-960A-5BBDBC5980FF}"
EndProject
Project("{9A19103F-16F7-4668-BE54-9A1E7A4F7556}") = "ReadMeUpdater", "ReadMeUpdater\ReadMeUpdater.csproj", "{970469A9-FE54-4862-9638-0FD25B476A08}"
EndProject
Global
	GlobalSection(SolutionConfigurationPlatforms) = preSolution
		Debug|Any CPU = Debug|Any CPU
		Release|Any CPU = Release|Any CPU
	EndGlobalSection
	GlobalSection(ProjectConfigurationPlatforms) = postSolution
		{89713759-EB6C-4EBF-B79B-58CA30EDDA9C}.Debug|Any CPU.ActiveCfg = Debug|Any CPU
		{89713759-EB6C-4EBF-B79B-58CA30EDDA9C}.Debug|Any CPU.Build.0 = Debug|Any CPU
		{89713759-EB6C-4EBF-B79B-58CA30EDDA9C}.Release|Any CPU.ActiveCfg = Release|Any CPU
		{89713759-EB6C-4EBF-B79B-58CA30EDDA9C}.Release|Any CPU.Build.0 = Release|Any CPU
		{956FA7C3-40B3-4989-AD1E-84D1EA378BC6}.Debug|Any CPU.ActiveCfg = Debug|Any CPU
		{956FA7C3-40B3-4989-AD1E-84D1EA378BC6}.Debug|Any CPU.Build.0 = Debug|Any CPU
		{956FA7C3-40B3-4989-AD1E-84D1EA378BC6}.Release|Any CPU.ActiveCfg = Release|Any CPU
		{956FA7C3-40B3-4989-AD1E-84D1EA378BC6}.Release|Any CPU.Build.0 = Release|Any CPU
		{9C4C5DF6-B903-4B0E-92E8-80728AB36702}.Debug|Any CPU.ActiveCfg = Debug|Any CPU
		{9C4C5DF6-B903-4B0E-92E8-80728AB36702}.Debug|Any CPU.Build.0 = Debug|Any CPU
		{9C4C5DF6-B903-4B0E-92E8-80728AB36702}.Release|Any CPU.ActiveCfg = Release|Any CPU
		{9C4C5DF6-B903-4B0E-92E8-80728AB36702}.Release|Any CPU.Build.0 = Release|Any CPU
		{F5B8652D-CD64-4F6D-960A-5BBDBC5980FF}.Debug|Any CPU.ActiveCfg = Debug|Any CPU
		{F5B8652D-CD64-4F6D-960A-5BBDBC5980FF}.Debug|Any CPU.Build.0 = Debug|Any CPU
		{F5B8652D-CD64-4F6D-960A-5BBDBC5980FF}.Release|Any CPU.ActiveCfg = Release|Any CPU
		{F5B8652D-CD64-4F6D-960A-5BBDBC5980FF}.Release|Any CPU.Build.0 = Release|Any CPU
		{970469A9-FE54-4862-9638-0FD25B476A08}.Debug|Any CPU.ActiveCfg = Debug|Any CPU
		{970469A9-FE54-4862-9638-0FD25B476A08}.Debug|Any CPU.Build.0 = Debug|Any CPU
		{970469A9-FE54-4862-9638-0FD25B476A08}.Release|Any CPU.ActiveCfg = Release|Any CPU
		{970469A9-FE54-4862-9638-0FD25B476A08}.Release|Any CPU.Build.0 = Release|Any CPU
	EndGlobalSection
	GlobalSection(SolutionProperties) = preSolution
		HideSolutionNode = FALSE
	EndGlobalSection
	GlobalSection(ExtensibilityGlobals) = postSolution
		SolutionGuid = {5092AD09-15CE-4872-956D-0FE4FF777841}
	EndGlobalSection
EndGlobal
